
Microsoft Visual Studio Solution File, Format Version 12.00
# Visual Studio Version 17
VisualStudioVersion = 17.2.32516.85
MinimumVisualStudioVersion = 10.0.40219.1
Project("{2150E333-8FDC-42A3-9474-1A3956D46DE8}") = "00 - Shared", "00 - Shared", "{CA004C55-37B1-402F-996A-621BC663668C}"
EndProject
Project("{2150E333-8FDC-42A3-9474-1A3956D46DE8}") = "01 - Microservices", "01 - Microservices", "{5A31489E-9F48-4659-A3E5-043F001638EB}"
EndProject
Project("{2150E333-8FDC-42A3-9474-1A3956D46DE8}") = "01 - Cadastro", "01 - Cadastro", "{FF8B82B2-F7B6-41CE-B1C2-29D31567EE17}"
EndProject
Project("{2150E333-8FDC-42A3-9474-1A3956D46DE8}") = "02 - Venda", "02 - Venda", "{E36435B4-2C0D-4671-9C27-7027F68C0AA9}"
EndProject
Project("{9A19103F-16F7-4668-BE54-9A1E7A4F7556}") = "ProjetoPiloto.Cadastro.Domain", "Microservices\01 - Cadastro\ProjetoPiloto.Cadastro.Domain\ProjetoPiloto.Cadastro.Domain.csproj", "{8FE19E00-875E-4094-8609-356AA3EFC82A}"
EndProject
Project("{9A19103F-16F7-4668-BE54-9A1E7A4F7556}") = "ProjetoPiloto.Shared", "Shared\ProjetoPiloto.Shared\ProjetoPiloto.Shared.csproj", "{DB7B16D7-E59F-4B4C-9F2E-1E0222A07B5E}"
EndProject
Project("{9A19103F-16F7-4668-BE54-9A1E7A4F7556}") = "ProjetoPiloto.Shared.Repository", "Shared\ProjetoPiloto.Shared.Repository\ProjetoPiloto.Shared.Repository.csproj", "{A0623556-3A2E-46B7-BDEB-4F1074B11BA0}"
EndProject
Project("{9A19103F-16F7-4668-BE54-9A1E7A4F7556}") = "ProjetoPiloto.Utils", "Shared\ProjetoPiloto.Utils\ProjetoPiloto.Utils.csproj", "{FEEFBF92-C6B3-4D43-9579-B29B023BFB52}"
EndProject
Global
	GlobalSection(SolutionConfigurationPlatforms) = preSolution
		Debug|Any CPU = Debug|Any CPU
		Release|Any CPU = Release|Any CPU
	EndGlobalSection
	GlobalSection(ProjectConfigurationPlatforms) = postSolution
		{8FE19E00-875E-4094-8609-356AA3EFC82A}.Debug|Any CPU.ActiveCfg = Debug|Any CPU
		{8FE19E00-875E-4094-8609-356AA3EFC82A}.Debug|Any CPU.Build.0 = Debug|Any CPU
		{8FE19E00-875E-4094-8609-356AA3EFC82A}.Release|Any CPU.ActiveCfg = Release|Any CPU
		{8FE19E00-875E-4094-8609-356AA3EFC82A}.Release|Any CPU.Build.0 = Release|Any CPU
		{DB7B16D7-E59F-4B4C-9F2E-1E0222A07B5E}.Debug|Any CPU.ActiveCfg = Debug|Any CPU
		{DB7B16D7-E59F-4B4C-9F2E-1E0222A07B5E}.Debug|Any CPU.Build.0 = Debug|Any CPU
		{DB7B16D7-E59F-4B4C-9F2E-1E0222A07B5E}.Release|Any CPU.ActiveCfg = Release|Any CPU
		{DB7B16D7-E59F-4B4C-9F2E-1E0222A07B5E}.Release|Any CPU.Build.0 = Release|Any CPU
		{A0623556-3A2E-46B7-BDEB-4F1074B11BA0}.Debug|Any CPU.ActiveCfg = Debug|Any CPU
		{A0623556-3A2E-46B7-BDEB-4F1074B11BA0}.Debug|Any CPU.Build.0 = Debug|Any CPU
		{A0623556-3A2E-46B7-BDEB-4F1074B11BA0}.Release|Any CPU.ActiveCfg = Release|Any CPU
		{A0623556-3A2E-46B7-BDEB-4F1074B11BA0}.Release|Any CPU.Build.0 = Release|Any CPU
		{FEEFBF92-C6B3-4D43-9579-B29B023BFB52}.Debug|Any CPU.ActiveCfg = Debug|Any CPU
		{FEEFBF92-C6B3-4D43-9579-B29B023BFB52}.Debug|Any CPU.Build.0 = Debug|Any CPU
		{FEEFBF92-C6B3-4D43-9579-B29B023BFB52}.Release|Any CPU.ActiveCfg = Release|Any CPU
		{FEEFBF92-C6B3-4D43-9579-B29B023BFB52}.Release|Any CPU.Build.0 = Release|Any CPU
	EndGlobalSection
	GlobalSection(SolutionProperties) = preSolution
		HideSolutionNode = FALSE
	EndGlobalSection
	GlobalSection(NestedProjects) = preSolution
		{FF8B82B2-F7B6-41CE-B1C2-29D31567EE17} = {5A31489E-9F48-4659-A3E5-043F001638EB}
		{E36435B4-2C0D-4671-9C27-7027F68C0AA9} = {5A31489E-9F48-4659-A3E5-043F001638EB}
		{8FE19E00-875E-4094-8609-356AA3EFC82A} = {FF8B82B2-F7B6-41CE-B1C2-29D31567EE17}
		{DB7B16D7-E59F-4B4C-9F2E-1E0222A07B5E} = {CA004C55-37B1-402F-996A-621BC663668C}
		{A0623556-3A2E-46B7-BDEB-4F1074B11BA0} = {CA004C55-37B1-402F-996A-621BC663668C}
		{FEEFBF92-C6B3-4D43-9579-B29B023BFB52} = {CA004C55-37B1-402F-996A-621BC663668C}
	EndGlobalSection
	GlobalSection(ExtensibilityGlobals) = postSolution
		SolutionGuid = {B8D04680-6368-4DA6-B947-F4D9826ECC7B}
	EndGlobalSection
EndGlobal
